
Microsoft Visual Studio Solution File, Format Version 11.00
# Visual Studio 2010
# SharpDevelop 5.1
Project("{FAE04EC0-301F-11D3-BF4B-00C04F79EFBC}") = "StudyEnglish", "StudyEnglish.csproj", "{14CD12E3-69A4-4AB3-A838-F7C2B01A0676}"
EndProject
Global
	GlobalSection(SolutionConfigurationPlatforms) = preSolution
		Debug|Any CPU = Debug|Any CPU
		Release|Any CPU = Release|Any CPU
	EndGlobalSection
	GlobalSection(ProjectConfigurationPlatforms) = postSolution
		{14CD12E3-69A4-4AB3-A838-F7C2B01A0676}.Debug|Any CPU.ActiveCfg = Debug|Any CPU
		{14CD12E3-69A4-4AB3-A838-F7C2B01A0676}.Debug|Any CPU.Build.0 = Debug|Any CPU
		{14CD12E3-69A4-4AB3-A838-F7C2B01A0676}.Release|Any CPU.ActiveCfg = Release|Any CPU
		{14CD12E3-69A4-4AB3-A838-F7C2B01A0676}.Release|Any CPU.Build.0 = Release|Any CPU
	EndGlobalSection
EndGlobal
